
Microsoft Visual Studio Solution File, Format Version 12.00
# Visual Studio Version 16
VisualStudioVersion = 16.0.30709.132
MinimumVisualStudioVersion = 15.0.26124.0
Project("{9A19103F-16F7-4668-BE54-9A1E7A4F7556}") = "Steeltoe.Petclinic.Customers.Api", "steeltoe-petclinic-customers-service\Customers.Api\Steeltoe.Petclinic.Customers.Api.csproj", "{039AFB4F-BCBD-4523-B2C2-4BE31995680E}"
EndProject
Project("{9A19103F-16F7-4668-BE54-9A1E7A4F7556}") = "Steeltoe.Petclinic.Vets.Api", "steeltoe-petclinic-vets-service\Vets.Api\Steeltoe.Petclinic.Vets.Api.csproj", "{46568ED5-1880-4E7E-98CE-1EF77940C065}"
EndProject
Project("{9A19103F-16F7-4668-BE54-9A1E7A4F7556}") = "Steeltoe.Petclinic.Visits.Api", "steeltoe-petclinic-visits-service\Visits.Api\Steeltoe.Petclinic.Visits.Api.csproj", "{F0346242-281E-497A-A7F7-BE5B9E84AD5D}"
EndProject
Project("{9A19103F-16F7-4668-BE54-9A1E7A4F7556}") = "Steeltoe.Petclinic.Visits.ITest", "steeltoe-petclinic-visits-service\Visits.ITest\Steeltoe.Petclinic.Visits.ITest.csproj", "{D7ABFF76-9FA7-41E7-B790-97D95CE54C7D}"
EndProject
Project("{9A19103F-16F7-4668-BE54-9A1E7A4F7556}") = "Steeltoe.Petclinic.Visits.Test", "steeltoe-petclinic-visits-service\Visits.Test\Steeltoe.Petclinic.Visits.Test.csproj", "{7DA4269B-11C4-4280-9326-B34E35BB6A07}"
EndProject
Project("{9A19103F-16F7-4668-BE54-9A1E7A4F7556}") = "Steeltoe.Petclinic.Vets.ITest", "steeltoe-petclinic-vets-service\Vets.ITest\Steeltoe.Petclinic.Vets.ITest.csproj", "{3293C387-4E89-465F-ADF4-04EE99C6AC40}"
EndProject
Project("{9A19103F-16F7-4668-BE54-9A1E7A4F7556}") = "Steeltoe.Petclinic.Vets.Test", "steeltoe-petclinic-vets-service\Vets.Test\Steeltoe.Petclinic.Vets.Test.csproj", "{503E39A8-E073-4932-B547-8203A692EA77}"
EndProject
Project("{9A19103F-16F7-4668-BE54-9A1E7A4F7556}") = "Steeltoe.Petclinic.Customers.ITest", "steeltoe-petclinic-customers-service\Customers.ITest\Steeltoe.Petclinic.Customers.ITest.csproj", "{3B7B44D4-FA94-4CD8-92DC-FE8973F96D69}"
EndProject
Project("{9A19103F-16F7-4668-BE54-9A1E7A4F7556}") = "Steeltoe.Petclinic.Customers.Test", "steeltoe-petclinic-customers-service\Customers.Test\Steeltoe.Petclinic.Customers.Test.csproj", "{92AD359F-66B3-4C84-9F48-24943EA904EA}"
EndProject
Project("{2150E333-8FDC-42A3-9474-1A3956D46DE8}") = "Customers", "Customers", "{0B9B18F7-F111-4B8B-B9F8-AFB3FBBE1840}"
	ProjectSection(SolutionItems) = preProject
		spring-petclinic-customers-service\src\main\resources\db\mysql\data.sql = spring-petclinic-customers-service\src\main\resources\db\mysql\data.sql
		spring-petclinic-customers-service\src\main\resources\db\mysql\schema.sql = spring-petclinic-customers-service\src\main\resources\db\mysql\schema.sql
	EndProjectSection
EndProject
Project("{2150E333-8FDC-42A3-9474-1A3956D46DE8}") = "Vets", "Vets", "{9C69BA56-C362-4E33-BFA7-62CA4E5C4E3B}"
	ProjectSection(SolutionItems) = preProject
		spring-petclinic-vets-service\src\main\resources\db\mysql\data.sql = spring-petclinic-vets-service\src\main\resources\db\mysql\data.sql
		spring-petclinic-vets-service\src\main\resources\db\mysql\schema.sql = spring-petclinic-vets-service\src\main\resources\db\mysql\schema.sql
	EndProjectSection
EndProject
Project("{2150E333-8FDC-42A3-9474-1A3956D46DE8}") = "Visits", "Visits", "{D324DC24-C88E-4773-A144-4A1A2F646AFF}"
	ProjectSection(SolutionItems) = preProject
		spring-petclinic-visits-service\src\main\resources\db\mysql\data.sql = spring-petclinic-visits-service\src\main\resources\db\mysql\data.sql
		spring-petclinic-visits-service\src\main\resources\db\mysql\schema.sql = spring-petclinic-visits-service\src\main\resources\db\mysql\schema.sql
	EndProjectSection
EndProject
Project("{2150E333-8FDC-42A3-9474-1A3956D46DE8}") = "Solution Items", "Solution Items", "{7DEA64D4-4B05-4A22-AA4C-CB98030BECB9}"
	ProjectSection(SolutionItems) = preProject
		deploy-to-asc.ps1 = deploy-to-asc.ps1
		deployment-functions.ps1 = deployment-functions.ps1
	EndProjectSection
EndProject
Global
	GlobalSection(SolutionConfigurationPlatforms) = preSolution
		Debug|Any CPU = Debug|Any CPU
		Debug|x64 = Debug|x64
		Debug|x86 = Debug|x86
		Release|Any CPU = Release|Any CPU
		Release|x64 = Release|x64
		Release|x86 = Release|x86
	EndGlobalSection
	GlobalSection(ProjectConfigurationPlatforms) = postSolution
		{039AFB4F-BCBD-4523-B2C2-4BE31995680E}.Debug|Any CPU.ActiveCfg = Debug|Any CPU
		{039AFB4F-BCBD-4523-B2C2-4BE31995680E}.Debug|Any CPU.Build.0 = Debug|Any CPU
		{039AFB4F-BCBD-4523-B2C2-4BE31995680E}.Debug|x64.ActiveCfg = Debug|Any CPU
		{039AFB4F-BCBD-4523-B2C2-4BE31995680E}.Debug|x64.Build.0 = Debug|Any CPU
		{039AFB4F-BCBD-4523-B2C2-4BE31995680E}.Debug|x86.ActiveCfg = Debug|Any CPU
		{039AFB4F-BCBD-4523-B2C2-4BE31995680E}.Debug|x86.Build.0 = Debug|Any CPU
		{039AFB4F-BCBD-4523-B2C2-4BE31995680E}.Release|Any CPU.ActiveCfg = Release|Any CPU
		{039AFB4F-BCBD-4523-B2C2-4BE31995680E}.Release|Any CPU.Build.0 = Release|Any CPU
		{039AFB4F-BCBD-4523-B2C2-4BE31995680E}.Release|x64.ActiveCfg = Release|Any CPU
		{039AFB4F-BCBD-4523-B2C2-4BE31995680E}.Release|x64.Build.0 = Release|Any CPU
		{039AFB4F-BCBD-4523-B2C2-4BE31995680E}.Release|x86.ActiveCfg = Release|Any CPU
		{039AFB4F-BCBD-4523-B2C2-4BE31995680E}.Release|x86.Build.0 = Release|Any CPU
		{46568ED5-1880-4E7E-98CE-1EF77940C065}.Debug|Any CPU.ActiveCfg = Debug|Any CPU
		{46568ED5-1880-4E7E-98CE-1EF77940C065}.Debug|Any CPU.Build.0 = Debug|Any CPU
		{46568ED5-1880-4E7E-98CE-1EF77940C065}.Debug|x64.ActiveCfg = Debug|Any CPU
		{46568ED5-1880-4E7E-98CE-1EF77940C065}.Debug|x64.Build.0 = Debug|Any CPU
		{46568ED5-1880-4E7E-98CE-1EF77940C065}.Debug|x86.ActiveCfg = Debug|Any CPU
		{46568ED5-1880-4E7E-98CE-1EF77940C065}.Debug|x86.Build.0 = Debug|Any CPU
		{46568ED5-1880-4E7E-98CE-1EF77940C065}.Release|Any CPU.ActiveCfg = Release|Any CPU
		{46568ED5-1880-4E7E-98CE-1EF77940C065}.Release|Any CPU.Build.0 = Release|Any CPU
		{46568ED5-1880-4E7E-98CE-1EF77940C065}.Release|x64.ActiveCfg = Release|Any CPU
		{46568ED5-1880-4E7E-98CE-1EF77940C065}.Release|x64.Build.0 = Release|Any CPU
		{46568ED5-1880-4E7E-98CE-1EF77940C065}.Release|x86.ActiveCfg = Release|Any CPU
		{46568ED5-1880-4E7E-98CE-1EF77940C065}.Release|x86.Build.0 = Release|Any CPU
		{F0346242-281E-497A-A7F7-BE5B9E84AD5D}.Debug|Any CPU.ActiveCfg = Debug|Any CPU
		{F0346242-281E-497A-A7F7-BE5B9E84AD5D}.Debug|Any CPU.Build.0 = Debug|Any CPU
		{F0346242-281E-497A-A7F7-BE5B9E84AD5D}.Debug|x64.ActiveCfg = Debug|Any CPU
		{F0346242-281E-497A-A7F7-BE5B9E84AD5D}.Debug|x64.Build.0 = Debug|Any CPU
		{F0346242-281E-497A-A7F7-BE5B9E84AD5D}.Debug|x86.ActiveCfg = Debug|Any CPU
		{F0346242-281E-497A-A7F7-BE5B9E84AD5D}.Debug|x86.Build.0 = Debug|Any CPU
		{F0346242-281E-497A-A7F7-BE5B9E84AD5D}.Release|Any CPU.ActiveCfg = Release|Any CPU
		{F0346242-281E-497A-A7F7-BE5B9E84AD5D}.Release|Any CPU.Build.0 = Release|Any CPU
		{F0346242-281E-497A-A7F7-BE5B9E84AD5D}.Release|x64.ActiveCfg = Release|Any CPU
		{F0346242-281E-497A-A7F7-BE5B9E84AD5D}.Release|x64.Build.0 = Release|Any CPU
		{F0346242-281E-497A-A7F7-BE5B9E84AD5D}.Release|x86.ActiveCfg = Release|Any CPU
		{F0346242-281E-497A-A7F7-BE5B9E84AD5D}.Release|x86.Build.0 = Release|Any CPU
		{D7ABFF76-9FA7-41E7-B790-97D95CE54C7D}.Debug|Any CPU.ActiveCfg = Debug|Any CPU
		{D7ABFF76-9FA7-41E7-B790-97D95CE54C7D}.Debug|Any CPU.Build.0 = Debug|Any CPU
		{D7ABFF76-9FA7-41E7-B790-97D95CE54C7D}.Debug|x64.ActiveCfg = Debug|Any CPU
		{D7ABFF76-9FA7-41E7-B790-97D95CE54C7D}.Debug|x64.Build.0 = Debug|Any CPU
		{D7ABFF76-9FA7-41E7-B790-97D95CE54C7D}.Debug|x86.ActiveCfg = Debug|Any CPU
		{D7ABFF76-9FA7-41E7-B790-97D95CE54C7D}.Debug|x86.Build.0 = Debug|Any CPU
		{D7ABFF76-9FA7-41E7-B790-97D95CE54C7D}.Release|Any CPU.ActiveCfg = Release|Any CPU
		{D7ABFF76-9FA7-41E7-B790-97D95CE54C7D}.Release|Any CPU.Build.0 = Release|Any CPU
		{D7ABFF76-9FA7-41E7-B790-97D95CE54C7D}.Release|x64.ActiveCfg = Release|Any CPU
		{D7ABFF76-9FA7-41E7-B790-97D95CE54C7D}.Release|x64.Build.0 = Release|Any CPU
		{D7ABFF76-9FA7-41E7-B790-97D95CE54C7D}.Release|x86.ActiveCfg = Release|Any CPU
		{D7ABFF76-9FA7-41E7-B790-97D95CE54C7D}.Release|x86.Build.0 = Release|Any CPU
		{7DA4269B-11C4-4280-9326-B34E35BB6A07}.Debug|Any CPU.ActiveCfg = Debug|Any CPU
		{7DA4269B-11C4-4280-9326-B34E35BB6A07}.Debug|Any CPU.Build.0 = Debug|Any CPU
		{7DA4269B-11C4-4280-9326-B34E35BB6A07}.Debug|x64.ActiveCfg = Debug|Any CPU
		{7DA4269B-11C4-4280-9326-B34E35BB6A07}.Debug|x64.Build.0 = Debug|Any CPU
		{7DA4269B-11C4-4280-9326-B34E35BB6A07}.Debug|x86.ActiveCfg = Debug|Any CPU
		{7DA4269B-11C4-4280-9326-B34E35BB6A07}.Debug|x86.Build.0 = Debug|Any CPU
		{7DA4269B-11C4-4280-9326-B34E35BB6A07}.Release|Any CPU.ActiveCfg = Release|Any CPU
		{7DA4269B-11C4-4280-9326-B34E35BB6A07}.Release|Any CPU.Build.0 = Release|Any CPU
		{7DA4269B-11C4-4280-9326-B34E35BB6A07}.Release|x64.ActiveCfg = Release|Any CPU
		{7DA4269B-11C4-4280-9326-B34E35BB6A07}.Release|x64.Build.0 = Release|Any CPU
		{7DA4269B-11C4-4280-9326-B34E35BB6A07}.Release|x86.ActiveCfg = Release|Any CPU
		{7DA4269B-11C4-4280-9326-B34E35BB6A07}.Release|x86.Build.0 = Release|Any CPU
		{3293C387-4E89-465F-ADF4-04EE99C6AC40}.Debug|Any CPU.ActiveCfg = Debug|Any CPU
		{3293C387-4E89-465F-ADF4-04EE99C6AC40}.Debug|Any CPU.Build.0 = Debug|Any CPU
		{3293C387-4E89-465F-ADF4-04EE99C6AC40}.Debug|x64.ActiveCfg = Debug|Any CPU
		{3293C387-4E89-465F-ADF4-04EE99C6AC40}.Debug|x64.Build.0 = Debug|Any CPU
		{3293C387-4E89-465F-ADF4-04EE99C6AC40}.Debug|x86.ActiveCfg = Debug|Any CPU
		{3293C387-4E89-465F-ADF4-04EE99C6AC40}.Debug|x86.Build.0 = Debug|Any CPU
		{3293C387-4E89-465F-ADF4-04EE99C6AC40}.Release|Any CPU.ActiveCfg = Release|Any CPU
		{3293C387-4E89-465F-ADF4-04EE99C6AC40}.Release|Any CPU.Build.0 = Release|Any CPU
		{3293C387-4E89-465F-ADF4-04EE99C6AC40}.Release|x64.ActiveCfg = Release|Any CPU
		{3293C387-4E89-465F-ADF4-04EE99C6AC40}.Release|x64.Build.0 = Release|Any CPU
		{3293C387-4E89-465F-ADF4-04EE99C6AC40}.Release|x86.ActiveCfg = Release|Any CPU
		{3293C387-4E89-465F-ADF4-04EE99C6AC40}.Release|x86.Build.0 = Release|Any CPU
		{503E39A8-E073-4932-B547-8203A692EA77}.Debug|Any CPU.ActiveCfg = Debug|Any CPU
		{503E39A8-E073-4932-B547-8203A692EA77}.Debug|Any CPU.Build.0 = Debug|Any CPU
		{503E39A8-E073-4932-B547-8203A692EA77}.Debug|x64.ActiveCfg = Debug|Any CPU
		{503E39A8-E073-4932-B547-8203A692EA77}.Debug|x64.Build.0 = Debug|Any CPU
		{503E39A8-E073-4932-B547-8203A692EA77}.Debug|x86.ActiveCfg = Debug|Any CPU
		{503E39A8-E073-4932-B547-8203A692EA77}.Debug|x86.Build.0 = Debug|Any CPU
		{503E39A8-E073-4932-B547-8203A692EA77}.Release|Any CPU.ActiveCfg = Release|Any CPU
		{503E39A8-E073-4932-B547-8203A692EA77}.Release|Any CPU.Build.0 = Release|Any CPU
		{503E39A8-E073-4932-B547-8203A692EA77}.Release|x64.ActiveCfg = Release|Any CPU
		{503E39A8-E073-4932-B547-8203A692EA77}.Release|x64.Build.0 = Release|Any CPU
		{503E39A8-E073-4932-B547-8203A692EA77}.Release|x86.ActiveCfg = Release|Any CPU
		{503E39A8-E073-4932-B547-8203A692EA77}.Release|x86.Build.0 = Release|Any CPU
		{3B7B44D4-FA94-4CD8-92DC-FE8973F96D69}.Debug|Any CPU.ActiveCfg = Debug|Any CPU
		{3B7B44D4-FA94-4CD8-92DC-FE8973F96D69}.Debug|Any CPU.Build.0 = Debug|Any CPU
		{3B7B44D4-FA94-4CD8-92DC-FE8973F96D69}.Debug|x64.ActiveCfg = Debug|Any CPU
		{3B7B44D4-FA94-4CD8-92DC-FE8973F96D69}.Debug|x64.Build.0 = Debug|Any CPU
		{3B7B44D4-FA94-4CD8-92DC-FE8973F96D69}.Debug|x86.ActiveCfg = Debug|Any CPU
		{3B7B44D4-FA94-4CD8-92DC-FE8973F96D69}.Debug|x86.Build.0 = Debug|Any CPU
		{3B7B44D4-FA94-4CD8-92DC-FE8973F96D69}.Release|Any CPU.ActiveCfg = Release|Any CPU
		{3B7B44D4-FA94-4CD8-92DC-FE8973F96D69}.Release|Any CPU.Build.0 = Release|Any CPU
		{3B7B44D4-FA94-4CD8-92DC-FE8973F96D69}.Release|x64.ActiveCfg = Release|Any CPU
		{3B7B44D4-FA94-4CD8-92DC-FE8973F96D69}.Release|x64.Build.0 = Release|Any CPU
		{3B7B44D4-FA94-4CD8-92DC-FE8973F96D69}.Release|x86.ActiveCfg = Release|Any CPU
		{3B7B44D4-FA94-4CD8-92DC-FE8973F96D69}.Release|x86.Build.0 = Release|Any CPU
		{92AD359F-66B3-4C84-9F48-24943EA904EA}.Debug|Any CPU.ActiveCfg = Debug|Any CPU
		{92AD359F-66B3-4C84-9F48-24943EA904EA}.Debug|Any CPU.Build.0 = Debug|Any CPU
		{92AD359F-66B3-4C84-9F48-24943EA904EA}.Debug|x64.ActiveCfg = Debug|Any CPU
		{92AD359F-66B3-4C84-9F48-24943EA904EA}.Debug|x64.Build.0 = Debug|Any CPU
		{92AD359F-66B3-4C84-9F48-24943EA904EA}.Debug|x86.ActiveCfg = Debug|Any CPU
		{92AD359F-66B3-4C84-9F48-24943EA904EA}.Debug|x86.Build.0 = Debug|Any CPU
		{92AD359F-66B3-4C84-9F48-24943EA904EA}.Release|Any CPU.ActiveCfg = Release|Any CPU
		{92AD359F-66B3-4C84-9F48-24943EA904EA}.Release|Any CPU.Build.0 = Release|Any CPU
		{92AD359F-66B3-4C84-9F48-24943EA904EA}.Release|x64.ActiveCfg = Release|Any CPU
		{92AD359F-66B3-4C84-9F48-24943EA904EA}.Release|x64.Build.0 = Release|Any CPU
		{92AD359F-66B3-4C84-9F48-24943EA904EA}.Release|x86.ActiveCfg = Release|Any CPU
		{92AD359F-66B3-4C84-9F48-24943EA904EA}.Release|x86.Build.0 = Release|Any CPU
	EndGlobalSection
	GlobalSection(SolutionProperties) = preSolution
		HideSolutionNode = FALSE
	EndGlobalSection
	GlobalSection(NestedProjects) = preSolution
		{039AFB4F-BCBD-4523-B2C2-4BE31995680E} = {0B9B18F7-F111-4B8B-B9F8-AFB3FBBE1840}
		{46568ED5-1880-4E7E-98CE-1EF77940C065} = {9C69BA56-C362-4E33-BFA7-62CA4E5C4E3B}
		{F0346242-281E-497A-A7F7-BE5B9E84AD5D} = {D324DC24-C88E-4773-A144-4A1A2F646AFF}
		{D7ABFF76-9FA7-41E7-B790-97D95CE54C7D} = {D324DC24-C88E-4773-A144-4A1A2F646AFF}
		{7DA4269B-11C4-4280-9326-B34E35BB6A07} = {D324DC24-C88E-4773-A144-4A1A2F646AFF}
		{3293C387-4E89-465F-ADF4-04EE99C6AC40} = {9C69BA56-C362-4E33-BFA7-62CA4E5C4E3B}
		{503E39A8-E073-4932-B547-8203A692EA77} = {9C69BA56-C362-4E33-BFA7-62CA4E5C4E3B}
		{3B7B44D4-FA94-4CD8-92DC-FE8973F96D69} = {0B9B18F7-F111-4B8B-B9F8-AFB3FBBE1840}
		{92AD359F-66B3-4C84-9F48-24943EA904EA} = {0B9B18F7-F111-4B8B-B9F8-AFB3FBBE1840}
	EndGlobalSection
	GlobalSection(ExtensibilityGlobals) = postSolution
		SolutionGuid = {525CD219-AA6C-480A-B0A0-ACA623E34FFF}
	EndGlobalSection
EndGlobal
