
Microsoft Visual Studio Solution File, Format Version 12.00
# Visual Studio Version 16
VisualStudioVersion = 16.0.30517.126
MinimumVisualStudioVersion = 15.0.26124.0
Project("{9A19103F-16F7-4668-BE54-9A1E7A4F7556}") = "Steeltoe.Petclinic.Customers.Api", "Customers.Api\Steeltoe.Petclinic.Customers.Api.csproj", "{0EC2484B-4692-4BB1-8E36-0AD7C5B7A1DA}"
EndProject
Project("{9A19103F-16F7-4668-BE54-9A1E7A4F7556}") = "Steeltoe.Petclinic.Customers.Test", "Customers.Test\Steeltoe.Petclinic.Customers.Test.csproj", "{BA5E3872-66A4-43C7-91CC-6E35DA699206}"
EndProject
Project("{9A19103F-16F7-4668-BE54-9A1E7A4F7556}") = "Steeltoe.Petclinic.Customers.ITest", "Customers.ITest\Steeltoe.Petclinic.Customers.ITest.csproj", "{7F449099-482F-4E62-9B57-60034E413184}"
EndProject
Project("{2150E333-8FDC-42A3-9474-1A3956D46DE8}") = "Solution Items", "Solution Items", "{8F7822A2-4AFA-48AA-B59C-7A9B4AD46B29}"
	ProjectSection(SolutionItems) = preProject
		..\spring-petclinic-customers-service\src\main\resources\db\mysql\data.sql = ..\spring-petclinic-customers-service\src\main\resources\db\mysql\data.sql
		..\spring-petclinic-customers-service\src\main\resources\db\mysql\schema.sql = ..\spring-petclinic-customers-service\src\main\resources\db\mysql\schema.sql
	EndProjectSection
EndProject
Global
	GlobalSection(SolutionConfigurationPlatforms) = preSolution
		Debug|Any CPU = Debug|Any CPU
		Debug|x64 = Debug|x64
		Debug|x86 = Debug|x86
		Release|Any CPU = Release|Any CPU
		Release|x64 = Release|x64
		Release|x86 = Release|x86
	EndGlobalSection
	GlobalSection(ProjectConfigurationPlatforms) = postSolution
		{0EC2484B-4692-4BB1-8E36-0AD7C5B7A1DA}.Debug|Any CPU.ActiveCfg = Debug|Any CPU
		{0EC2484B-4692-4BB1-8E36-0AD7C5B7A1DA}.Debug|Any CPU.Build.0 = Debug|Any CPU
		{0EC2484B-4692-4BB1-8E36-0AD7C5B7A1DA}.Debug|x64.ActiveCfg = Debug|Any CPU
		{0EC2484B-4692-4BB1-8E36-0AD7C5B7A1DA}.Debug|x64.Build.0 = Debug|Any CPU
		{0EC2484B-4692-4BB1-8E36-0AD7C5B7A1DA}.Debug|x86.ActiveCfg = Debug|Any CPU
		{0EC2484B-4692-4BB1-8E36-0AD7C5B7A1DA}.Debug|x86.Build.0 = Debug|Any CPU
		{0EC2484B-4692-4BB1-8E36-0AD7C5B7A1DA}.Release|Any CPU.ActiveCfg = Release|Any CPU
		{0EC2484B-4692-4BB1-8E36-0AD7C5B7A1DA}.Release|Any CPU.Build.0 = Release|Any CPU
		{0EC2484B-4692-4BB1-8E36-0AD7C5B7A1DA}.Release|x64.ActiveCfg = Release|Any CPU
		{0EC2484B-4692-4BB1-8E36-0AD7C5B7A1DA}.Release|x64.Build.0 = Release|Any CPU
		{0EC2484B-4692-4BB1-8E36-0AD7C5B7A1DA}.Release|x86.ActiveCfg = Release|Any CPU
		{0EC2484B-4692-4BB1-8E36-0AD7C5B7A1DA}.Release|x86.Build.0 = Release|Any CPU
		{BA5E3872-66A4-43C7-91CC-6E35DA699206}.Debug|Any CPU.ActiveCfg = Debug|Any CPU
		{BA5E3872-66A4-43C7-91CC-6E35DA699206}.Debug|Any CPU.Build.0 = Debug|Any CPU
		{BA5E3872-66A4-43C7-91CC-6E35DA699206}.Debug|x64.ActiveCfg = Debug|Any CPU
		{BA5E3872-66A4-43C7-91CC-6E35DA699206}.Debug|x64.Build.0 = Debug|Any CPU
		{BA5E3872-66A4-43C7-91CC-6E35DA699206}.Debug|x86.ActiveCfg = Debug|Any CPU
		{BA5E3872-66A4-43C7-91CC-6E35DA699206}.Debug|x86.Build.0 = Debug|Any CPU
		{BA5E3872-66A4-43C7-91CC-6E35DA699206}.Release|Any CPU.ActiveCfg = Release|Any CPU
		{BA5E3872-66A4-43C7-91CC-6E35DA699206}.Release|Any CPU.Build.0 = Release|Any CPU
		{BA5E3872-66A4-43C7-91CC-6E35DA699206}.Release|x64.ActiveCfg = Release|Any CPU
		{BA5E3872-66A4-43C7-91CC-6E35DA699206}.Release|x64.Build.0 = Release|Any CPU
		{BA5E3872-66A4-43C7-91CC-6E35DA699206}.Release|x86.ActiveCfg = Release|Any CPU
		{BA5E3872-66A4-43C7-91CC-6E35DA699206}.Release|x86.Build.0 = Release|Any CPU
		{7F449099-482F-4E62-9B57-60034E413184}.Debug|Any CPU.ActiveCfg = Debug|Any CPU
		{7F449099-482F-4E62-9B57-60034E413184}.Debug|Any CPU.Build.0 = Debug|Any CPU
		{7F449099-482F-4E62-9B57-60034E413184}.Debug|x64.ActiveCfg = Debug|Any CPU
		{7F449099-482F-4E62-9B57-60034E413184}.Debug|x64.Build.0 = Debug|Any CPU
		{7F449099-482F-4E62-9B57-60034E413184}.Debug|x86.ActiveCfg = Debug|Any CPU
		{7F449099-482F-4E62-9B57-60034E413184}.Debug|x86.Build.0 = Debug|Any CPU
		{7F449099-482F-4E62-9B57-60034E413184}.Release|Any CPU.ActiveCfg = Release|Any CPU
		{7F449099-482F-4E62-9B57-60034E413184}.Release|Any CPU.Build.0 = Release|Any CPU
		{7F449099-482F-4E62-9B57-60034E413184}.Release|x64.ActiveCfg = Release|Any CPU
		{7F449099-482F-4E62-9B57-60034E413184}.Release|x64.Build.0 = Release|Any CPU
		{7F449099-482F-4E62-9B57-60034E413184}.Release|x86.ActiveCfg = Release|Any CPU
		{7F449099-482F-4E62-9B57-60034E413184}.Release|x86.Build.0 = Release|Any CPU
	EndGlobalSection
	GlobalSection(SolutionProperties) = preSolution
		HideSolutionNode = FALSE
	EndGlobalSection
	GlobalSection(ExtensibilityGlobals) = postSolution
		SolutionGuid = {D5998F79-8104-400E-A75F-2412CA20FA40}
	EndGlobalSection
EndGlobal
